// !$*UTF8*$!
{
	archiveVersion = 1;
	classes = {
	};
	objectVersion = 56;
	objects = {

/* Begin PBXBuildFile section */
		1A510E052A20AC050049FC5F /* JEConfirmationDialogWithIconButtonsExampleApp.swift in Sources */ = {isa = PBXBuildFile; fileRef = 1A510E042A20AC050049FC5F /* JEConfirmationDialogWithIconButtonsExampleApp.swift */; };
		1A510E072A20AC050049FC5F /* ContentView.swift in Sources */ = {isa = PBXBuildFile; fileRef = 1A510E062A20AC050049FC5F /* ContentView.swift */; };
		1A510E092A20AC060049FC5F /* Assets.xcassets in Resources */ = {isa = PBXBuildFile; fileRef = 1A510E082A20AC060049FC5F /* Assets.xcassets */; };
		1A510E0C2A20AC060049FC5F /* Preview Assets.xcassets in Resources */ = {isa = PBXBuildFile; fileRef = 1A510E0B2A20AC060049FC5F /* Preview Assets.xcassets */; };
		1A510E2F2A20ACF00049FC5F /* JEConfirmationDialogWithIconButtons.swift in Sources */ = {isa = PBXBuildFile; fileRef = 1A510E2E2A20ACF00049FC5F /* JEConfirmationDialogWithIconButtons.swift */; };
/* End PBXBuildFile section */

/* Begin PBXContainerItemProxy section */
		1A510E122A20AC060049FC5F /* PBXContainerItemProxy */ = {
			isa = PBXContainerItemProxy;
			containerPortal = 1A510DF92A20AC040049FC5F /* Project object */;
			proxyType = 1;
			remoteGlobalIDString = 1A510E002A20AC050049FC5F;
			remoteInfo = JEConfirmationDialogWithIconButtonsExample;
		};
		1A510E1C2A20AC060049FC5F /* PBXContainerItemProxy */ = {
			isa = PBXContainerItemProxy;
			containerPortal = 1A510DF92A20AC040049FC5F /* Project object */;
			proxyType = 1;
			remoteGlobalIDString = 1A510E002A20AC050049FC5F;
			remoteInfo = JEConfirmationDialogWithIconButtonsExample;
		};
/* End PBXContainerItemProxy section */

/* Begin PBXFileReference section */
		1A510E012A20AC050049FC5F /* JEConfirmationDialogWithIconButtonsExample.app */ = {isa = PBXFileReference; explicitFileType = wrapper.application; includeInIndex = 0; path = JEConfirmationDialogWithIconButtonsExample.app; sourceTree = BUILT_PRODUCTS_DIR; };
		1A510E042A20AC050049FC5F /* JEConfirmationDialogWithIconButtonsExampleApp.swift */ = {isa = PBXFileReference; lastKnownFileType = sourcecode.swift; path = JEConfirmationDialogWithIconButtonsExampleApp.swift; sourceTree = "<group>"; };
		1A510E062A20AC050049FC5F /* ContentView.swift */ = {isa = PBXFileReference; lastKnownFileType = sourcecode.swift; path = ContentView.swift; sourceTree = "<group>"; };
		1A510E082A20AC060049FC5F /* Assets.xcassets */ = {isa = PBXFileReference; lastKnownFileType = folder.assetcatalog; path = Assets.xcassets; sourceTree = "<group>"; };
		1A510E0B2A20AC060049FC5F /* Preview Assets.xcassets */ = {isa = PBXFileReference; lastKnownFileType = folder.assetcatalog; path = "Preview Assets.xcassets"; sourceTree = "<group>"; };
		1A510E112A20AC060049FC5F /* JEConfirmationDialogWithIconButtonsExampleTests.xctest */ = {isa = PBXFileReference; explicitFileType = wrapper.cfbundle; includeInIndex = 0; path = JEConfirmationDialogWithIconButtonsExampleTests.xctest; sourceTree = BUILT_PRODUCTS_DIR; };
		1A510E1B2A20AC060049FC5F /* JEConfirmationDialogWithIconButtonsExampleUITests.xctest */ = {isa = PBXFileReference; explicitFileType = wrapper.cfbundle; includeInIndex = 0; path = JEConfirmationDialogWithIconButtonsExampleUITests.xctest; sourceTree = BUILT_PRODUCTS_DIR; };
		1A510E2E2A20ACF00049FC5F /* JEConfirmationDialogWithIconButtons.swift */ = {isa = PBXFileReference; fileEncoding = 4; lastKnownFileType = sourcecode.swift; name = JEConfirmationDialogWithIconButtons.swift; path = ../../Sources/JEConfirmationDialogWithIconButtons.swift; sourceTree = "<group>"; };
/* End PBXFileReference section */

/* Begin PBXFrameworksBuildPhase section */
		1A510DFE2A20AC050049FC5F /* Frameworks */ = {
			isa = PBXFrameworksBuildPhase;
			buildActionMask = 2147483647;
			files = (
			);
			runOnlyForDeploymentPostprocessing = 0;
		};
		1A510E0E2A20AC060049FC5F /* Frameworks */ = {
			isa = PBXFrameworksBuildPhase;
			buildActionMask = 2147483647;
			files = (
			);
			runOnlyForDeploymentPostprocessing = 0;
		};
		1A510E182A20AC060049FC5F /* Frameworks */ = {
			isa = PBXFrameworksBuildPhase;
			buildActionMask = 2147483647;
			files = (
			);
			runOnlyForDeploymentPostprocessing = 0;
		};
/* End PBXFrameworksBuildPhase section */

/* Begin PBXGroup section */
		1A510DF82A20AC040049FC5F = {
			isa = PBXGroup;
			children = (
				1A510E032A20AC050049FC5F /* JEConfirmationDialogWithIconButtonsExample */,
				1A510E022A20AC050049FC5F /* Products */,
			);
			sourceTree = "<group>";
		};
		1A510E022A20AC050049FC5F /* Products */ = {
			isa = PBXGroup;
			children = (
				1A510E012A20AC050049FC5F /* JEConfirmationDialogWithIconButtonsExample.app */,
				1A510E112A20AC060049FC5F /* JEConfirmationDialogWithIconButtonsExampleTests.xctest */,
				1A510E1B2A20AC060049FC5F /* JEConfirmationDialogWithIconButtonsExampleUITests.xctest */,
			);
			name = Products;
			sourceTree = "<group>";
		};
		1A510E032A20AC050049FC5F /* JEConfirmationDialogWithIconButtonsExample */ = {
			isa = PBXGroup;
			children = (
				1A510E2E2A20ACF00049FC5F /* JEConfirmationDialogWithIconButtons.swift */,
				1A510E042A20AC050049FC5F /* JEConfirmationDialogWithIconButtonsExampleApp.swift */,
				1A510E062A20AC050049FC5F /* ContentView.swift */,
				1A510E082A20AC060049FC5F /* Assets.xcassets */,
				1A510E0A2A20AC060049FC5F /* Preview Content */,
			);
			path = JEConfirmationDialogWithIconButtonsExample;
			sourceTree = "<group>";
		};
		1A510E0A2A20AC060049FC5F /* Preview Content */ = {
			isa = PBXGroup;
			children = (
				1A510E0B2A20AC060049FC5F /* Preview Assets.xcassets */,
			);
			path = "Preview Content";
			sourceTree = "<group>";
		};
/* End PBXGroup section */

/* Begin PBXNativeTarget section */
		1A510E002A20AC050049FC5F /* JEConfirmationDialogWithIconButtonsExample */ = {
			isa = PBXNativeTarget;
			buildConfigurationList = 1A510E252A20AC060049FC5F /* Build configuration list for PBXNativeTarget "JEConfirmationDialogWithIconButtonsExample" */;
			buildPhases = (
				1A510DFD2A20AC050049FC5F /* Sources */,
				1A510DFE2A20AC050049FC5F /* Frameworks */,
				1A510DFF2A20AC050049FC5F /* Resources */,
			);
			buildRules = (
			);
			dependencies = (
			);
			name = JEConfirmationDialogWithIconButtonsExample;
			productName = JEConfirmationDialogWithIconButtonsExample;
			productReference = 1A510E012A20AC050049FC5F /* JEConfirmationDialogWithIconButtonsExample.app */;
			productType = "com.apple.product-type.application";
		};
		1A510E102A20AC060049FC5F /* JEConfirmationDialogWithIconButtonsExampleTests */ = {
			isa = PBXNativeTarget;
			buildConfigurationList = 1A510E282A20AC060049FC5F /* Build configuration list for PBXNativeTarget "JEConfirmationDialogWithIconButtonsExampleTests" */;
			buildPhases = (
				1A510E0D2A20AC060049FC5F /* Sources */,
				1A510E0E2A20AC060049FC5F /* Frameworks */,
				1A510E0F2A20AC060049FC5F /* Resources */,
			);
			buildRules = (
			);
			dependencies = (
				1A510E132A20AC060049FC5F /* PBXTargetDependency */,
			);
			name = JEConfirmationDialogWithIconButtonsExampleTests;
			productName = JEConfirmationDialogWithIconButtonsExampleTests;
			productReference = 1A510E112A20AC060049FC5F /* JEConfirmationDialogWithIconButtonsExampleTests.xctest */;
			productType = "com.apple.product-type.bundle.unit-test";
		};
		1A510E1A2A20AC060049FC5F /* JEConfirmationDialogWithIconButtonsExampleUITests */ = {
			isa = PBXNativeTarget;
			buildConfigurationList = 1A510E2B2A20AC060049FC5F /* Build configuration list for PBXNativeTarget "JEConfirmationDialogWithIconButtonsExampleUITests" */;
			buildPhases = (
				1A510E172A20AC060049FC5F /* Sources */,
				1A510E182A20AC060049FC5F /* Frameworks */,
				1A510E192A20AC060049FC5F /* Resources */,
			);
			buildRules = (
			);
			dependencies = (
				1A510E1D2A20AC060049FC5F /* PBXTargetDependency */,
			);
			name = JEConfirmationDialogWithIconButtonsExampleUITests;
			productName = JEConfirmationDialogWithIconButtonsExampleUITests;
			productReference = 1A510E1B2A20AC060049FC5F /* JEConfirmationDialogWithIconButtonsExampleUITests.xctest */;
			productType = "com.apple.product-type.bundle.ui-testing";
		};
/* End PBXNativeTarget section */

/* Begin PBXProject section */
		1A510DF92A20AC040049FC5F /* Project object */ = {
			isa = PBXProject;
			attributes = {
				BuildIndependentTargetsInParallel = 1;
				LastSwiftUpdateCheck = 1430;
				LastUpgradeCheck = 1430;
				TargetAttributes = {
					1A510E002A20AC050049FC5F = {
						CreatedOnToolsVersion = 14.3;
					};
					1A510E102A20AC060049FC5F = {
						CreatedOnToolsVersion = 14.3;
						TestTargetID = 1A510E002A20AC050049FC5F;
					};
					1A510E1A2A20AC060049FC5F = {
						CreatedOnToolsVersion = 14.3;
						TestTargetID = 1A510E002A20AC050049FC5F;
					};
				};
			};
			buildConfigurationList = 1A510DFC2A20AC040049FC5F /* Build configuration list for PBXProject "JEConfirmationDialogWithIconButtonsExample" */;
			compatibilityVersion = "Xcode 14.0";
			developmentRegion = en;
			hasScannedForEncodings = 0;
			knownRegions = (
				en,
				Base,
			);
			mainGroup = 1A510DF82A20AC040049FC5F;
			productRefGroup = 1A510E022A20AC050049FC5F /* Products */;
			projectDirPath = "";
			projectRoot = "";
			targets = (
				1A510E002A20AC050049FC5F /* JEConfirmationDialogWithIconButtonsExample */,
				1A510E102A20AC060049FC5F /* JEConfirmationDialogWithIconButtonsExampleTests */,
				1A510E1A2A20AC060049FC5F /* JEConfirmationDialogWithIconButtonsExampleUITests */,
			);
		};
/* End PBXProject section */

/* Begin PBXResourcesBuildPhase section */
		1A510DFF2A20AC050049FC5F /* Resources */ = {
			isa = PBXResourcesBuildPhase;
			buildActionMask = 2147483647;
			files = (
				1A510E0C2A20AC060049FC5F /* Preview Assets.xcassets in Resources */,
				1A510E092A20AC060049FC5F /* Assets.xcassets in Resources */,
			);
			runOnlyForDeploymentPostprocessing = 0;
		};
		1A510E0F2A20AC060049FC5F /* Resources */ = {
			isa = PBXResourcesBuildPhase;
			buildActionMask = 2147483647;
			files = (
			);
			runOnlyForDeploymentPostprocessing = 0;
		};
		1A510E192A20AC060049FC5F /* Resources */ = {
			isa = PBXResourcesBuildPhase;
			buildActionMask = 2147483647;
			files = (
			);
			runOnlyForDeploymentPostprocessing = 0;
		};
/* End PBXResourcesBuildPhase section */

/* Begin PBXSourcesBuildPhase section */
		1A510DFD2A20AC050049FC5F /* Sources */ = {
			isa = PBXSourcesBuildPhase;
			buildActionMask = 2147483647;
			files = (
				1A510E072A20AC050049FC5F /* ContentView.swift in Sources */,
				1A510E052A20AC050049FC5F /* JEConfirmationDialogWithIconButtonsExampleApp.swift in Sources */,
				1A510E2F2A20ACF00049FC5F /* JEConfirmationDialogWithIconButtons.swift in Sources */,
			);
			runOnlyForDeploymentPostprocessing = 0;
		};
		1A510E0D2A20AC060049FC5F /* Sources */ = {
			isa = PBXSourcesBuildPhase;
			buildActionMask = 2147483647;
			files = (
			);
			runOnlyForDeploymentPostprocessing = 0;
		};
		1A510E172A20AC060049FC5F /* Sources */ = {
			isa = PBXSourcesBuildPhase;
			buildActionMask = 2147483647;
			files = (
			);
			runOnlyForDeploymentPostprocessing = 0;
		};
/* End PBXSourcesBuildPhase section */

/* Begin PBXTargetDependency section */
		1A510E132A20AC060049FC5F /* PBXTargetDependency */ = {
			isa = PBXTargetDependency;
			target = 1A510E002A20AC050049FC5F /* JEConfirmationDialogWithIconButtonsExample */;
			targetProxy = 1A510E122A20AC060049FC5F /* PBXContainerItemProxy */;
		};
		1A510E1D2A20AC060049FC5F /* PBXTargetDependency */ = {
			isa = PBXTargetDependency;
			target = 1A510E002A20AC050049FC5F /* JEConfirmationDialogWithIconButtonsExample */;
			targetProxy = 1A510E1C2A20AC060049FC5F /* PBXContainerItemProxy */;
		};
/* End PBXTargetDependency section */

/* Begin XCBuildConfiguration section */
		1A510E232A20AC060049FC5F /* Debug */ = {
			isa = XCBuildConfiguration;
			buildSettings = {
				ALWAYS_SEARCH_USER_PATHS = NO;
				CLANG_ANALYZER_NONNULL = YES;
				CLANG_ANALYZER_NUMBER_OBJECT_CONVERSION = YES_AGGRESSIVE;
				CLANG_CXX_LANGUAGE_STANDARD = "gnu++20";
				CLANG_ENABLE_MODULES = YES;
				CLANG_ENABLE_OBJC_ARC = YES;
				CLANG_ENABLE_OBJC_WEAK = YES;
				CLANG_WARN_BLOCK_CAPTURE_AUTORELEASING = YES;
				CLANG_WARN_BOOL_CONVERSION = YES;
				CLANG_WARN_COMMA = YES;
				CLANG_WARN_CONSTANT_CONVERSION = YES;
				CLANG_WARN_DEPRECATED_OBJC_IMPLEMENTATIONS = YES;
				CLANG_WARN_DIRECT_OBJC_ISA_USAGE = YES_ERROR;
				CLANG_WARN_DOCUMENTATION_COMMENTS = YES;
				CLANG_WARN_EMPTY_BODY = YES;
				CLANG_WARN_ENUM_CONVERSION = YES;
				CLANG_WARN_INFINITE_RECURSION = YES;
				CLANG_WARN_INT_CONVERSION = YES;
				CLANG_WARN_NON_LITERAL_NULL_CONVERSION = YES;
				CLANG_WARN_OBJC_IMPLICIT_RETAIN_SELF = YES;
				CLANG_WARN_OBJC_LITERAL_CONVERSION = YES;
				CLANG_WARN_OBJC_ROOT_CLASS = YES_ERROR;
				CLANG_WARN_QUOTED_INCLUDE_IN_FRAMEWORK_HEADER = YES;
				CLANG_WARN_RANGE_LOOP_ANALYSIS = YES;
				CLANG_WARN_STRICT_PROTOTYPES = YES;
				CLANG_WARN_SUSPICIOUS_MOVE = YES;
				CLANG_WARN_UNGUARDED_AVAILABILITY = YES_AGGRESSIVE;
				CLANG_WARN_UNREACHABLE_CODE = YES;
				CLANG_WARN__DUPLICATE_METHOD_MATCH = YES;
				COPY_PHASE_STRIP = NO;
				DEBUG_INFORMATION_FORMAT = dwarf;
				ENABLE_STRICT_OBJC_MSGSEND = YES;
				ENABLE_TESTABILITY = YES;
				GCC_C_LANGUAGE_STANDARD = gnu11;
				GCC_DYNAMIC_NO_PIC = NO;
				GCC_NO_COMMON_BLOCKS = YES;
				GCC_OPTIMIZATION_LEVEL = 0;
				GCC_PREPROCESSOR_DEFINITIONS = (
					"DEBUG=1",
					"$(inherited)",
				);
				GCC_WARN_64_TO_32_BIT_CONVERSION = YES;
				GCC_WARN_ABOUT_RETURN_TYPE = YES_ERROR;
				GCC_WARN_UNDECLARED_SELECTOR = YES;
				GCC_WARN_UNINITIALIZED_AUTOS = YES_AGGRESSIVE;
				GCC_WARN_UNUSED_FUNCTION = YES;
				GCC_WARN_UNUSED_VARIABLE = YES;
				IPHONEOS_DEPLOYMENT_TARGET = 16.4;
				MTL_ENABLE_DEBUG_INFO = INCLUDE_SOURCE;
				MTL_FAST_MATH = YES;
				ONLY_ACTIVE_ARCH = YES;
				SDKROOT = iphoneos;
				SWIFT_ACTIVE_COMPILATION_CONDITIONS = DEBUG;
				SWIFT_OPTIMIZATION_LEVEL = "-Onone";
			};
			name = Debug;
		};
		1A510E242A20AC060049FC5F /* Release */ = {
			isa = XCBuildConfiguration;
			buildSettings = {
				ALWAYS_SEARCH_USER_PATHS = NO;
				CLANG_ANALYZER_NONNULL = YES;
				CLANG_ANALYZER_NUMBER_OBJECT_CONVERSION = YES_AGGRESSIVE;
				CLANG_CXX_LANGUAGE_STANDARD = "gnu++20";
				CLANG_ENABLE_MODULES = YES;
				CLANG_ENABLE_OBJC_ARC = YES;
				CLANG_ENABLE_OBJC_WEAK = YES;
				CLANG_WARN_BLOCK_CAPTURE_AUTORELEASING = YES;
				CLANG_WARN_BOOL_CONVERSION = YES;
				CLANG_WARN_COMMA = YES;
				CLANG_WARN_CONSTANT_CONVERSION = YES;
				CLANG_WARN_DEPRECATED_OBJC_IMPLEMENTATIONS = YES;
				CLANG_WARN_DIRECT_OBJC_ISA_USAGE = YES_ERROR;
				CLANG_WARN_DOCUMENTATION_COMMENTS = YES;
				CLANG_WARN_EMPTY_BODY = YES;
				CLANG_WARN_ENUM_CONVERSION = YES;
				CLANG_WARN_INFINITE_RECURSION = YES;
				CLANG_WARN_INT_CONVERSION = YES;
				CLANG_WARN_NON_LITERAL_NULL_CONVERSION = YES;
				CLANG_WARN_OBJC_IMPLICIT_RETAIN_SELF = YES;
				CLANG_WARN_OBJC_LITERAL_CONVERSION = YES;
				CLANG_WARN_OBJC_ROOT_CLASS = YES_ERROR;
				CLANG_WARN_QUOTED_INCLUDE_IN_FRAMEWORK_HEADER = YES;
				CLANG_WARN_RANGE_LOOP_ANALYSIS = YES;
				CLANG_WARN_STRICT_PROTOTYPES = YES;
				CLANG_WARN_SUSPICIOUS_MOVE = YES;
				CLANG_WARN_UNGUARDED_AVAILABILITY = YES_AGGRESSIVE;
				CLANG_WARN_UNREACHABLE_CODE = YES;
				CLANG_WARN__DUPLICATE_METHOD_MATCH = YES;
				COPY_PHASE_STRIP = NO;
				DEBUG_INFORMATION_FORMAT = "dwarf-with-dsym";
				ENABLE_NS_ASSERTIONS = NO;
				ENABLE_STRICT_OBJC_MSGSEND = YES;
				GCC_C_LANGUAGE_STANDARD = gnu11;
				GCC_NO_COMMON_BLOCKS = YES;
				GCC_WARN_64_TO_32_BIT_CONVERSION = YES;
				GCC_WARN_ABOUT_RETURN_TYPE = YES_ERROR;
				GCC_WARN_UNDECLARED_SELECTOR = YES;
				GCC_WARN_UNINITIALIZED_AUTOS = YES_AGGRESSIVE;
				GCC_WARN_UNUSED_FUNCTION = YES;
				GCC_WARN_UNUSED_VARIABLE = YES;
				IPHONEOS_DEPLOYMENT_TARGET = 16.4;
				MTL_ENABLE_DEBUG_INFO = NO;
				MTL_FAST_MATH = YES;
				SDKROOT = iphoneos;
				SWIFT_COMPILATION_MODE = wholemodule;
				SWIFT_OPTIMIZATION_LEVEL = "-O";
				VALIDATE_PRODUCT = YES;
			};
			name = Release;
		};
		1A510E262A20AC060049FC5F /* Debug */ = {
			isa = XCBuildConfiguration;
			buildSettings = {
				ASSETCATALOG_COMPILER_APPICON_NAME = AppIcon;
				ASSETCATALOG_COMPILER_GLOBAL_ACCENT_COLOR_NAME = AccentColor;
				CODE_SIGN_STYLE = Automatic;
				CURRENT_PROJECT_VERSION = 1;
				DEVELOPMENT_ASSET_PATHS = "\"JEConfirmationDialogWithIconButtonsExample/Preview Content\"";
				DEVELOPMENT_TEAM = P68VLQ6LPN;
				ENABLE_PREVIEWS = YES;
				GENERATE_INFOPLIST_FILE = YES;
				INFOPLIST_KEY_UIApplicationSceneManifest_Generation = YES;
				INFOPLIST_KEY_UIApplicationSupportsIndirectInputEvents = YES;
				INFOPLIST_KEY_UILaunchScreen_Generation = YES;
				INFOPLIST_KEY_UISupportedInterfaceOrientations_iPad = "UIInterfaceOrientationPortrait UIInterfaceOrientationPortraitUpsideDown UIInterfaceOrientationLandscapeLeft UIInterfaceOrientationLandscapeRight";
				INFOPLIST_KEY_UISupportedInterfaceOrientations_iPhone = "UIInterfaceOrientationPortrait UIInterfaceOrientationLandscapeLeft UIInterfaceOrientationLandscapeRight";
				LD_RUNPATH_SEARCH_PATHS = (
					"$(inherited)",
					"@executable_path/Frameworks",
				);
				MARKETING_VERSION = 1.0;
				PRODUCT_BUNDLE_IDENTIFIER = jeon.JEConfirmationDialogWithIconButtonsExample;
				PRODUCT_NAME = "$(TARGET_NAME)";
				SWIFT_EMIT_LOC_STRINGS = YES;
				SWIFT_VERSION = 5.0;
				TARGETED_DEVICE_FAMILY = "1,2";
			};
			name = Debug;
		};
		1A510E272A20AC060049FC5F /* Release */ = {
			isa = XCBuildConfiguration;
			buildSettings = {
				ASSETCATALOG_COMPILER_APPICON_NAME = AppIcon;
				ASSETCATALOG_COMPILER_GLOBAL_ACCENT_COLOR_NAME = AccentColor;
				CODE_SIGN_STYLE = Automatic;
				CURRENT_PROJECT_VERSION = 1;
				DEVELOPMENT_ASSET_PATHS = "\"JEConfirmationDialogWithIconButtonsExample/Preview Content\"";
				DEVELOPMENT_TEAM = P68VLQ6LPN;
				ENABLE_PREVIEWS = YES;
				GENERATE_INFOPLIST_FILE = YES;
				INFOPLIST_KEY_UIApplicationSceneManifest_Generation = YES;
				INFOPLIST_KEY_UIApplicationSupportsIndirectInputEvents = YES;
				INFOPLIST_KEY_UILaunchScreen_Generation = YES;
				INFOPLIST_KEY_UISupportedInterfaceOrientations_iPad = "UIInterfaceOrientationPortrait UIInterfaceOrientationPortraitUpsideDown UIInterfaceOrientationLandscapeLeft UIInterfaceOrientationLandscapeRight";
				INFOPLIST_KEY_UISupportedInterfaceOrientations_iPhone = "UIInterfaceOrientationPortrait UIInterfaceOrientationLandscapeLeft UIInterfaceOrientationLandscapeRight";
				LD_RUNPATH_SEARCH_PATHS = (
					"$(inherited)",
					"@executable_path/Frameworks",
				);
				MARKETING_VERSION = 1.0;
				PRODUCT_BUNDLE_IDENTIFIER = jeon.JEConfirmationDialogWithIconButtonsExample;
				PRODUCT_NAME = "$(TARGET_NAME)";
				SWIFT_EMIT_LOC_STRINGS = YES;
				SWIFT_VERSION = 5.0;
				TARGETED_DEVICE_FAMILY = "1,2";
			};
			name = Release;
		};
		1A510E292A20AC060049FC5F /* Debug */ = {
			isa = XCBuildConfiguration;
			buildSettings = {
				ALWAYS_EMBED_SWIFT_STANDARD_LIBRARIES = YES;
				BUNDLE_LOADER = "$(TEST_HOST)";
				CODE_SIGN_STYLE = Automatic;
				CURRENT_PROJECT_VERSION = 1;
				DEVELOPMENT_TEAM = P68VLQ6LPN;
				GENERATE_INFOPLIST_FILE = YES;
				IPHONEOS_DEPLOYMENT_TARGET = 16.4;
				MARKETING_VERSION = 1.0;
				PRODUCT_BUNDLE_IDENTIFIER = jeon.JEConfirmationDialogWithIconButtonsExampleTests;
				PRODUCT_NAME = "$(TARGET_NAME)";
				SWIFT_EMIT_LOC_STRINGS = NO;
				SWIFT_VERSION = 5.0;
				TARGETED_DEVICE_FAMILY = "1,2";
				TEST_HOST = "$(BUILT_PRODUCTS_DIR)/JEConfirmationDialogWithIconButtonsExample.app/$(BUNDLE_EXECUTABLE_FOLDER_PATH)/JEConfirmationDialogWithIconButtonsExample";
			};
			name = Debug;
		};
		1A510E2A2A20AC060049FC5F /* Release */ = {
			isa = XCBuildConfiguration;
			buildSettings = {
				ALWAYS_EMBED_SWIFT_STANDARD_LIBRARIES = YES;
				BUNDLE_LOADER = "$(TEST_HOST)";
				CODE_SIGN_STYLE = Automatic;
				CURRENT_PROJECT_VERSION = 1;
				DEVELOPMENT_TEAM = P68VLQ6LPN;
				GENERATE_INFOPLIST_FILE = YES;
				IPHONEOS_DEPLOYMENT_TARGET = 16.4;
				MARKETING_VERSION = 1.0;
				PRODUCT_BUNDLE_IDENTIFIER = jeon.JEConfirmationDialogWithIconButtonsExampleTests;
				PRODUCT_NAME = "$(TARGET_NAME)";
				SWIFT_EMIT_LOC_STRINGS = NO;
				SWIFT_VERSION = 5.0;
				TARGETED_DEVICE_FAMILY = "1,2";
				TEST_HOST = "$(BUILT_PRODUCTS_DIR)/JEConfirmationDialogWithIconButtonsExample.app/$(BUNDLE_EXECUTABLE_FOLDER_PATH)/JEConfirmationDialogWithIconButtonsExample";
			};
			name = Release;
		};
		1A510E2C2A20AC060049FC5F /* Debug */ = {
			isa = XCBuildConfiguration;
			buildSettings = {
				ALWAYS_EMBED_SWIFT_STANDARD_LIBRARIES = YES;
				CODE_SIGN_STYLE = Automatic;
				CURRENT_PROJECT_VERSION = 1;
				DEVELOPMENT_TEAM = P68VLQ6LPN;
				GENERATE_INFOPLIST_FILE = YES;
				MARKETING_VERSION = 1.0;
				PRODUCT_BUNDLE_IDENTIFIER = jeon.JEConfirmationDialogWithIconButtonsExampleUITests;
				PRODUCT_NAME = "$(TARGET_NAME)";
				SWIFT_EMIT_LOC_STRINGS = NO;
				SWIFT_VERSION = 5.0;
				TARGETED_DEVICE_FAMILY = "1,2";
				TEST_TARGET_NAME = JEConfirmationDialogWithIconButtonsExample;
			};
			name = Debug;
		};
		1A510E2D2A20AC060049FC5F /* Release */ = {
			isa = XCBuildConfiguration;
			buildSettings = {
				ALWAYS_EMBED_SWIFT_STANDARD_LIBRARIES = YES;
				CODE_SIGN_STYLE = Automatic;
				CURRENT_PROJECT_VERSION = 1;
				DEVELOPMENT_TEAM = P68VLQ6LPN;
				GENERATE_INFOPLIST_FILE = YES;
				MARKETING_VERSION = 1.0;
				PRODUCT_BUNDLE_IDENTIFIER = jeon.JEConfirmationDialogWithIconButtonsExampleUITests;
				PRODUCT_NAME = "$(TARGET_NAME)";
				SWIFT_EMIT_LOC_STRINGS = NO;
				SWIFT_VERSION = 5.0;
				TARGETED_DEVICE_FAMILY = "1,2";
				TEST_TARGET_NAME = JEConfirmationDialogWithIconButtonsExample;
			};
			name = Release;
		};
/* End XCBuildConfiguration section */

/* Begin XCConfigurationList section */
		1A510DFC2A20AC040049FC5F /* Build configuration list for PBXProject "JEConfirmationDialogWithIconButtonsExample" */ = {
			isa = XCConfigurationList;
			buildConfigurations = (
				1A510E232A20AC060049FC5F /* Debug */,
				1A510E242A20AC060049FC5F /* Release */,
			);
			defaultConfigurationIsVisible = 0;
			defaultConfigurationName = Release;
		};
		1A510E252A20AC060049FC5F /* Build configuration list for PBXNativeTarget "JEConfirmationDialogWithIconButtonsExample" */ = {
			isa = XCConfigurationList;
			buildConfigurations = (
				1A510E262A20AC060049FC5F /* Debug */,
				1A510E272A20AC060049FC5F /* Release */,
			);
			defaultConfigurationIsVisible = 0;
			defaultConfigurationName = Release;
		};
		1A510E282A20AC060049FC5F /* Build configuration list for PBXNativeTarget "JEConfirmationDialogWithIconButtonsExampleTests" */ = {
			isa = XCConfigurationList;
			buildConfigurations = (
				1A510E292A20AC060049FC5F /* Debug */,
				1A510E2A2A20AC060049FC5F /* Release */,
			);
			defaultConfigurationIsVisible = 0;
			defaultConfigurationName = Release;
		};
		1A510E2B2A20AC060049FC5F /* Build configuration list for PBXNativeTarget "JEConfirmationDialogWithIconButtonsExampleUITests" */ = {
			isa = XCConfigurationList;
			buildConfigurations = (
				1A510E2C2A20AC060049FC5F /* Debug */,
				1A510E2D2A20AC060049FC5F /* Release */,
			);
			defaultConfigurationIsVisible = 0;
			defaultConfigurationName = Release;
		};
/* End XCConfigurationList section */
	};
	rootObject = 1A510DF92A20AC040049FC5F /* Project object */;
}
