// !$*UTF8*$!
{
	archiveVersion = 1;
	classes = {
	};
	objectVersion = 56;
	objects = {

/* Begin PBXBuildFile section */
		1A12B7BC2A1B3C62003E40E4 /* JEConfirmationDialogWithIconsApp.swift in Sources */ = {isa = PBXBuildFile; fileRef = 1A12B7BB2A1B3C62003E40E4 /* JEConfirmationDialogWithIconsApp.swift */; };
		1A12B7BE2A1B3C62003E40E4 /* ContentView.swift in Sources */ = {isa = PBXBuildFile; fileRef = 1A12B7BD2A1B3C62003E40E4 /* ContentView.swift */; };
		1A12B7C02A1B3C63003E40E4 /* Assets.xcassets in Resources */ = {isa = PBXBuildFile; fileRef = 1A12B7BF2A1B3C63003E40E4 /* Assets.xcassets */; };
		1A12B7C32A1B3C63003E40E4 /* Preview Assets.xcassets in Resources */ = {isa = PBXBuildFile; fileRef = 1A12B7C22A1B3C63003E40E4 /* Preview Assets.xcassets */; };
		1A12B7CD2A1B3C63003E40E4 /* JEConfirmationDialogWithIconsTests.swift in Sources */ = {isa = PBXBuildFile; fileRef = 1A12B7CC2A1B3C63003E40E4 /* JEConfirmationDialogWithIconsTests.swift */; };
		1A12B7D72A1B3C63003E40E4 /* JEConfirmationDialogWithIconsUITests.swift in Sources */ = {isa = PBXBuildFile; fileRef = 1A12B7D62A1B3C63003E40E4 /* JEConfirmationDialogWithIconsUITests.swift */; };
		1A12B7D92A1B3C63003E40E4 /* JEConfirmationDialogWithIconsUITestsLaunchTests.swift in Sources */ = {isa = PBXBuildFile; fileRef = 1A12B7D82A1B3C63003E40E4 /* JEConfirmationDialogWithIconsUITestsLaunchTests.swift */; };
/* End PBXBuildFile section */

/* Begin PBXContainerItemProxy section */
		1A12B7C92A1B3C63003E40E4 /* PBXContainerItemProxy */ = {
			isa = PBXContainerItemProxy;
			containerPortal = 1A12B7B02A1B3C62003E40E4 /* Project object */;
			proxyType = 1;
			remoteGlobalIDString = 1A12B7B72A1B3C62003E40E4;
			remoteInfo = JEConfirmationDialogWithIcons;
		};
		1A12B7D32A1B3C63003E40E4 /* PBXContainerItemProxy */ = {
			isa = PBXContainerItemProxy;
			containerPortal = 1A12B7B02A1B3C62003E40E4 /* Project object */;
			proxyType = 1;
			remoteGlobalIDString = 1A12B7B72A1B3C62003E40E4;
			remoteInfo = JEConfirmationDialogWithIcons;
		};
/* End PBXContainerItemProxy section */

/* Begin PBXFileReference section */
		1A12B7B82A1B3C62003E40E4 /* JEConfirmationDialogWithIcons.app */ = {isa = PBXFileReference; explicitFileType = wrapper.application; includeInIndex = 0; path = JEConfirmationDialogWithIcons.app; sourceTree = BUILT_PRODUCTS_DIR; };
		1A12B7BB2A1B3C62003E40E4 /* JEConfirmationDialogWithIconsApp.swift */ = {isa = PBXFileReference; lastKnownFileType = sourcecode.swift; path = JEConfirmationDialogWithIconsApp.swift; sourceTree = "<group>"; };
		1A12B7BD2A1B3C62003E40E4 /* ContentView.swift */ = {isa = PBXFileReference; lastKnownFileType = sourcecode.swift; path = ContentView.swift; sourceTree = "<group>"; };
		1A12B7BF2A1B3C63003E40E4 /* Assets.xcassets */ = {isa = PBXFileReference; lastKnownFileType = folder.assetcatalog; path = Assets.xcassets; sourceTree = "<group>"; };
		1A12B7C22A1B3C63003E40E4 /* Preview Assets.xcassets */ = {isa = PBXFileReference; lastKnownFileType = folder.assetcatalog; path = "Preview Assets.xcassets"; sourceTree = "<group>"; };
		1A12B7C82A1B3C63003E40E4 /* JEConfirmationDialogWithIconsTests.xctest */ = {isa = PBXFileReference; explicitFileType = wrapper.cfbundle; includeInIndex = 0; path = JEConfirmationDialogWithIconsTests.xctest; sourceTree = BUILT_PRODUCTS_DIR; };
		1A12B7CC2A1B3C63003E40E4 /* JEConfirmationDialogWithIconsTests.swift */ = {isa = PBXFileReference; lastKnownFileType = sourcecode.swift; path = JEConfirmationDialogWithIconsTests.swift; sourceTree = "<group>"; };
		1A12B7D22A1B3C63003E40E4 /* JEConfirmationDialogWithIconsUITests.xctest */ = {isa = PBXFileReference; explicitFileType = wrapper.cfbundle; includeInIndex = 0; path = JEConfirmationDialogWithIconsUITests.xctest; sourceTree = BUILT_PRODUCTS_DIR; };
		1A12B7D62A1B3C63003E40E4 /* JEConfirmationDialogWithIconsUITests.swift */ = {isa = PBXFileReference; lastKnownFileType = sourcecode.swift; path = JEConfirmationDialogWithIconsUITests.swift; sourceTree = "<group>"; };
		1A12B7D82A1B3C63003E40E4 /* JEConfirmationDialogWithIconsUITestsLaunchTests.swift */ = {isa = PBXFileReference; lastKnownFileType = sourcecode.swift; path = JEConfirmationDialogWithIconsUITestsLaunchTests.swift; sourceTree = "<group>"; };
/* End PBXFileReference section */

/* Begin PBXFrameworksBuildPhase section */
		1A12B7B52A1B3C62003E40E4 /* Frameworks */ = {
			isa = PBXFrameworksBuildPhase;
			buildActionMask = 2147483647;
			files = (
			);
			runOnlyForDeploymentPostprocessing = 0;
		};
		1A12B7C52A1B3C63003E40E4 /* Frameworks */ = {
			isa = PBXFrameworksBuildPhase;
			buildActionMask = 2147483647;
			files = (
			);
			runOnlyForDeploymentPostprocessing = 0;
		};
		1A12B7CF2A1B3C63003E40E4 /* Frameworks */ = {
			isa = PBXFrameworksBuildPhase;
			buildActionMask = 2147483647;
			files = (
			);
			runOnlyForDeploymentPostprocessing = 0;
		};
/* End PBXFrameworksBuildPhase section */

/* Begin PBXGroup section */
		1A12B7AF2A1B3C62003E40E4 = {
			isa = PBXGroup;
			children = (
				1A12B7BA2A1B3C62003E40E4 /* JEConfirmationDialogWithIcons */,
				1A12B7CB2A1B3C63003E40E4 /* JEConfirmationDialogWithIconsTests */,
				1A12B7D52A1B3C63003E40E4 /* JEConfirmationDialogWithIconsUITests */,
				1A12B7B92A1B3C62003E40E4 /* Products */,
			);
			sourceTree = "<group>";
		};
		1A12B7B92A1B3C62003E40E4 /* Products */ = {
			isa = PBXGroup;
			children = (
				1A12B7B82A1B3C62003E40E4 /* JEConfirmationDialogWithIcons.app */,
				1A12B7C82A1B3C63003E40E4 /* JEConfirmationDialogWithIconsTests.xctest */,
				1A12B7D22A1B3C63003E40E4 /* JEConfirmationDialogWithIconsUITests.xctest */,
			);
			name = Products;
			sourceTree = "<group>";
		};
		1A12B7BA2A1B3C62003E40E4 /* JEConfirmationDialogWithIcons */ = {
			isa = PBXGroup;
			children = (
				1A12B7BB2A1B3C62003E40E4 /* JEConfirmationDialogWithIconsApp.swift */,
				1A12B7BD2A1B3C62003E40E4 /* ContentView.swift */,
				1A12B7BF2A1B3C63003E40E4 /* Assets.xcassets */,
				1A12B7C12A1B3C63003E40E4 /* Preview Content */,
			);
			path = JEConfirmationDialogWithIcons;
			sourceTree = "<group>";
		};
		1A12B7C12A1B3C63003E40E4 /* Preview Content */ = {
			isa = PBXGroup;
			children = (
				1A12B7C22A1B3C63003E40E4 /* Preview Assets.xcassets */,
			);
			path = "Preview Content";
			sourceTree = "<group>";
		};
		1A12B7CB2A1B3C63003E40E4 /* JEConfirmationDialogWithIconsTests */ = {
			isa = PBXGroup;
			children = (
				1A12B7CC2A1B3C63003E40E4 /* JEConfirmationDialogWithIconsTests.swift */,
			);
			path = JEConfirmationDialogWithIconsTests;
			sourceTree = "<group>";
		};
		1A12B7D52A1B3C63003E40E4 /* JEConfirmationDialogWithIconsUITests */ = {
			isa = PBXGroup;
			children = (
				1A12B7D62A1B3C63003E40E4 /* JEConfirmationDialogWithIconsUITests.swift */,
				1A12B7D82A1B3C63003E40E4 /* JEConfirmationDialogWithIconsUITestsLaunchTests.swift */,
			);
			path = JEConfirmationDialogWithIconsUITests;
			sourceTree = "<group>";
		};
/* End PBXGroup section */

/* Begin PBXNativeTarget section */
		1A12B7B72A1B3C62003E40E4 /* JEConfirmationDialogWithIcons */ = {
			isa = PBXNativeTarget;
			buildConfigurationList = 1A12B7DC2A1B3C63003E40E4 /* Build configuration list for PBXNativeTarget "JEConfirmationDialogWithIcons" */;
			buildPhases = (
				1A12B7B42A1B3C62003E40E4 /* Sources */,
				1A12B7B52A1B3C62003E40E4 /* Frameworks */,
				1A12B7B62A1B3C62003E40E4 /* Resources */,
			);
			buildRules = (
			);
			dependencies = (
			);
			name = JEConfirmationDialogWithIcons;
			productName = JEConfirmationDialogWithIcons;
			productReference = 1A12B7B82A1B3C62003E40E4 /* JEConfirmationDialogWithIcons.app */;
			productType = "com.apple.product-type.application";
		};
		1A12B7C72A1B3C63003E40E4 /* JEConfirmationDialogWithIconsTests */ = {
			isa = PBXNativeTarget;
			buildConfigurationList = 1A12B7DF2A1B3C63003E40E4 /* Build configuration list for PBXNativeTarget "JEConfirmationDialogWithIconsTests" */;
			buildPhases = (
				1A12B7C42A1B3C63003E40E4 /* Sources */,
				1A12B7C52A1B3C63003E40E4 /* Frameworks */,
				1A12B7C62A1B3C63003E40E4 /* Resources */,
			);
			buildRules = (
			);
			dependencies = (
				1A12B7CA2A1B3C63003E40E4 /* PBXTargetDependency */,
			);
			name = JEConfirmationDialogWithIconsTests;
			productName = JEConfirmationDialogWithIconsTests;
			productReference = 1A12B7C82A1B3C63003E40E4 /* JEConfirmationDialogWithIconsTests.xctest */;
			productType = "com.apple.product-type.bundle.unit-test";
		};
		1A12B7D12A1B3C63003E40E4 /* JEConfirmationDialogWithIconsUITests */ = {
			isa = PBXNativeTarget;
			buildConfigurationList = 1A12B7E22A1B3C63003E40E4 /* Build configuration list for PBXNativeTarget "JEConfirmationDialogWithIconsUITests" */;
			buildPhases = (
				1A12B7CE2A1B3C63003E40E4 /* Sources */,
				1A12B7CF2A1B3C63003E40E4 /* Frameworks */,
				1A12B7D02A1B3C63003E40E4 /* Resources */,
			);
			buildRules = (
			);
			dependencies = (
				1A12B7D42A1B3C63003E40E4 /* PBXTargetDependency */,
			);
			name = JEConfirmationDialogWithIconsUITests;
			productName = JEConfirmationDialogWithIconsUITests;
			productReference = 1A12B7D22A1B3C63003E40E4 /* JEConfirmationDialogWithIconsUITests.xctest */;
			productType = "com.apple.product-type.bundle.ui-testing";
		};
/* End PBXNativeTarget section */

/* Begin PBXProject section */
		1A12B7B02A1B3C62003E40E4 /* Project object */ = {
			isa = PBXProject;
			attributes = {
				BuildIndependentTargetsInParallel = 1;
				LastSwiftUpdateCheck = 1430;
				LastUpgradeCheck = 1430;
				TargetAttributes = {
					1A12B7B72A1B3C62003E40E4 = {
						CreatedOnToolsVersion = 14.3;
					};
					1A12B7C72A1B3C63003E40E4 = {
						CreatedOnToolsVersion = 14.3;
						TestTargetID = 1A12B7B72A1B3C62003E40E4;
					};
					1A12B7D12A1B3C63003E40E4 = {
						CreatedOnToolsVersion = 14.3;
						TestTargetID = 1A12B7B72A1B3C62003E40E4;
					};
				};
			};
			buildConfigurationList = 1A12B7B32A1B3C62003E40E4 /* Build configuration list for PBXProject "JEConfirmationDialogWithIcons" */;
			compatibilityVersion = "Xcode 14.0";
			developmentRegion = en;
			hasScannedForEncodings = 0;
			knownRegions = (
				en,
				Base,
			);
			mainGroup = 1A12B7AF2A1B3C62003E40E4;
			productRefGroup = 1A12B7B92A1B3C62003E40E4 /* Products */;
			projectDirPath = "";
			projectRoot = "";
			targets = (
				1A12B7B72A1B3C62003E40E4 /* JEConfirmationDialogWithIcons */,
				1A12B7C72A1B3C63003E40E4 /* JEConfirmationDialogWithIconsTests */,
				1A12B7D12A1B3C63003E40E4 /* JEConfirmationDialogWithIconsUITests */,
			);
		};
/* End PBXProject section */

/* Begin PBXResourcesBuildPhase section */
		1A12B7B62A1B3C62003E40E4 /* Resources */ = {
			isa = PBXResourcesBuildPhase;
			buildActionMask = 2147483647;
			files = (
				1A12B7C32A1B3C63003E40E4 /* Preview Assets.xcassets in Resources */,
				1A12B7C02A1B3C63003E40E4 /* Assets.xcassets in Resources */,
			);
			runOnlyForDeploymentPostprocessing = 0;
		};
		1A12B7C62A1B3C63003E40E4 /* Resources */ = {
			isa = PBXResourcesBuildPhase;
			buildActionMask = 2147483647;
			files = (
			);
			runOnlyForDeploymentPostprocessing = 0;
		};
		1A12B7D02A1B3C63003E40E4 /* Resources */ = {
			isa = PBXResourcesBuildPhase;
			buildActionMask = 2147483647;
			files = (
			);
			runOnlyForDeploymentPostprocessing = 0;
		};
/* End PBXResourcesBuildPhase section */

/* Begin PBXSourcesBuildPhase section */
		1A12B7B42A1B3C62003E40E4 /* Sources */ = {
			isa = PBXSourcesBuildPhase;
			buildActionMask = 2147483647;
			files = (
				1A12B7BE2A1B3C62003E40E4 /* ContentView.swift in Sources */,
				1A12B7BC2A1B3C62003E40E4 /* JEConfirmationDialogWithIconsApp.swift in Sources */,
			);
			runOnlyForDeploymentPostprocessing = 0;
		};
		1A12B7C42A1B3C63003E40E4 /* Sources */ = {
			isa = PBXSourcesBuildPhase;
			buildActionMask = 2147483647;
			files = (
				1A12B7CD2A1B3C63003E40E4 /* JEConfirmationDialogWithIconsTests.swift in Sources */,
			);
			runOnlyForDeploymentPostprocessing = 0;
		};
		1A12B7CE2A1B3C63003E40E4 /* Sources */ = {
			isa = PBXSourcesBuildPhase;
			buildActionMask = 2147483647;
			files = (
				1A12B7D72A1B3C63003E40E4 /* JEConfirmationDialogWithIconsUITests.swift in Sources */,
				1A12B7D92A1B3C63003E40E4 /* JEConfirmationDialogWithIconsUITestsLaunchTests.swift in Sources */,
			);
			runOnlyForDeploymentPostprocessing = 0;
		};
/* End PBXSourcesBuildPhase section */

/* Begin PBXTargetDependency section */
		1A12B7CA2A1B3C63003E40E4 /* PBXTargetDependency */ = {
			isa = PBXTargetDependency;
			target = 1A12B7B72A1B3C62003E40E4 /* JEConfirmationDialogWithIcons */;
			targetProxy = 1A12B7C92A1B3C63003E40E4 /* PBXContainerItemProxy */;
		};
		1A12B7D42A1B3C63003E40E4 /* PBXTargetDependency */ = {
			isa = PBXTargetDependency;
			target = 1A12B7B72A1B3C62003E40E4 /* JEConfirmationDialogWithIcons */;
			targetProxy = 1A12B7D32A1B3C63003E40E4 /* PBXContainerItemProxy */;
		};
/* End PBXTargetDependency section */

/* Begin XCBuildConfiguration section */
		1A12B7DA2A1B3C63003E40E4 /* Debug */ = {
			isa = XCBuildConfiguration;
			buildSettings = {
				ALWAYS_SEARCH_USER_PATHS = NO;
				CLANG_ANALYZER_NONNULL = YES;
				CLANG_ANALYZER_NUMBER_OBJECT_CONVERSION = YES_AGGRESSIVE;
				CLANG_CXX_LANGUAGE_STANDARD = "gnu++20";
				CLANG_ENABLE_MODULES = YES;
				CLANG_ENABLE_OBJC_ARC = YES;
				CLANG_ENABLE_OBJC_WEAK = YES;
				CLANG_WARN_BLOCK_CAPTURE_AUTORELEASING = YES;
				CLANG_WARN_BOOL_CONVERSION = YES;
				CLANG_WARN_COMMA = YES;
				CLANG_WARN_CONSTANT_CONVERSION = YES;
				CLANG_WARN_DEPRECATED_OBJC_IMPLEMENTATIONS = YES;
				CLANG_WARN_DIRECT_OBJC_ISA_USAGE = YES_ERROR;
				CLANG_WARN_DOCUMENTATION_COMMENTS = YES;
				CLANG_WARN_EMPTY_BODY = YES;
				CLANG_WARN_ENUM_CONVERSION = YES;
				CLANG_WARN_INFINITE_RECURSION = YES;
				CLANG_WARN_INT_CONVERSION = YES;
				CLANG_WARN_NON_LITERAL_NULL_CONVERSION = YES;
				CLANG_WARN_OBJC_IMPLICIT_RETAIN_SELF = YES;
				CLANG_WARN_OBJC_LITERAL_CONVERSION = YES;
				CLANG_WARN_OBJC_ROOT_CLASS = YES_ERROR;
				CLANG_WARN_QUOTED_INCLUDE_IN_FRAMEWORK_HEADER = YES;
				CLANG_WARN_RANGE_LOOP_ANALYSIS = YES;
				CLANG_WARN_STRICT_PROTOTYPES = YES;
				CLANG_WARN_SUSPICIOUS_MOVE = YES;
				CLANG_WARN_UNGUARDED_AVAILABILITY = YES_AGGRESSIVE;
				CLANG_WARN_UNREACHABLE_CODE = YES;
				CLANG_WARN__DUPLICATE_METHOD_MATCH = YES;
				COPY_PHASE_STRIP = NO;
				DEBUG_INFORMATION_FORMAT = dwarf;
				ENABLE_STRICT_OBJC_MSGSEND = YES;
				ENABLE_TESTABILITY = YES;
				GCC_C_LANGUAGE_STANDARD = gnu11;
				GCC_DYNAMIC_NO_PIC = NO;
				GCC_NO_COMMON_BLOCKS = YES;
				GCC_OPTIMIZATION_LEVEL = 0;
				GCC_PREPROCESSOR_DEFINITIONS = (
					"DEBUG=1",
					"$(inherited)",
				);
				GCC_WARN_64_TO_32_BIT_CONVERSION = YES;
				GCC_WARN_ABOUT_RETURN_TYPE = YES_ERROR;
				GCC_WARN_UNDECLARED_SELECTOR = YES;
				GCC_WARN_UNINITIALIZED_AUTOS = YES_AGGRESSIVE;
				GCC_WARN_UNUSED_FUNCTION = YES;
				GCC_WARN_UNUSED_VARIABLE = YES;
				IPHONEOS_DEPLOYMENT_TARGET = 16.4;
				MTL_ENABLE_DEBUG_INFO = INCLUDE_SOURCE;
				MTL_FAST_MATH = YES;
				ONLY_ACTIVE_ARCH = YES;
				SDKROOT = iphoneos;
				SWIFT_ACTIVE_COMPILATION_CONDITIONS = DEBUG;
				SWIFT_OPTIMIZATION_LEVEL = "-Onone";
			};
			name = Debug;
		};
		1A12B7DB2A1B3C63003E40E4 /* Release */ = {
			isa = XCBuildConfiguration;
			buildSettings = {
				ALWAYS_SEARCH_USER_PATHS = NO;
				CLANG_ANALYZER_NONNULL = YES;
				CLANG_ANALYZER_NUMBER_OBJECT_CONVERSION = YES_AGGRESSIVE;
				CLANG_CXX_LANGUAGE_STANDARD = "gnu++20";
				CLANG_ENABLE_MODULES = YES;
				CLANG_ENABLE_OBJC_ARC = YES;
				CLANG_ENABLE_OBJC_WEAK = YES;
				CLANG_WARN_BLOCK_CAPTURE_AUTORELEASING = YES;
				CLANG_WARN_BOOL_CONVERSION = YES;
				CLANG_WARN_COMMA = YES;
				CLANG_WARN_CONSTANT_CONVERSION = YES;
				CLANG_WARN_DEPRECATED_OBJC_IMPLEMENTATIONS = YES;
				CLANG_WARN_DIRECT_OBJC_ISA_USAGE = YES_ERROR;
				CLANG_WARN_DOCUMENTATION_COMMENTS = YES;
				CLANG_WARN_EMPTY_BODY = YES;
				CLANG_WARN_ENUM_CONVERSION = YES;
				CLANG_WARN_INFINITE_RECURSION = YES;
				CLANG_WARN_INT_CONVERSION = YES;
				CLANG_WARN_NON_LITERAL_NULL_CONVERSION = YES;
				CLANG_WARN_OBJC_IMPLICIT_RETAIN_SELF = YES;
				CLANG_WARN_OBJC_LITERAL_CONVERSION = YES;
				CLANG_WARN_OBJC_ROOT_CLASS = YES_ERROR;
				CLANG_WARN_QUOTED_INCLUDE_IN_FRAMEWORK_HEADER = YES;
				CLANG_WARN_RANGE_LOOP_ANALYSIS = YES;
				CLANG_WARN_STRICT_PROTOTYPES = YES;
				CLANG_WARN_SUSPICIOUS_MOVE = YES;
				CLANG_WARN_UNGUARDED_AVAILABILITY = YES_AGGRESSIVE;
				CLANG_WARN_UNREACHABLE_CODE = YES;
				CLANG_WARN__DUPLICATE_METHOD_MATCH = YES;
				COPY_PHASE_STRIP = NO;
				DEBUG_INFORMATION_FORMAT = "dwarf-with-dsym";
				ENABLE_NS_ASSERTIONS = NO;
				ENABLE_STRICT_OBJC_MSGSEND = YES;
				GCC_C_LANGUAGE_STANDARD = gnu11;
				GCC_NO_COMMON_BLOCKS = YES;
				GCC_WARN_64_TO_32_BIT_CONVERSION = YES;
				GCC_WARN_ABOUT_RETURN_TYPE = YES_ERROR;
				GCC_WARN_UNDECLARED_SELECTOR = YES;
				GCC_WARN_UNINITIALIZED_AUTOS = YES_AGGRESSIVE;
				GCC_WARN_UNUSED_FUNCTION = YES;
				GCC_WARN_UNUSED_VARIABLE = YES;
				IPHONEOS_DEPLOYMENT_TARGET = 16.4;
				MTL_ENABLE_DEBUG_INFO = NO;
				MTL_FAST_MATH = YES;
				SDKROOT = iphoneos;
				SWIFT_COMPILATION_MODE = wholemodule;
				SWIFT_OPTIMIZATION_LEVEL = "-O";
				VALIDATE_PRODUCT = YES;
			};
			name = Release;
		};
		1A12B7DD2A1B3C63003E40E4 /* Debug */ = {
			isa = XCBuildConfiguration;
			buildSettings = {
				ASSETCATALOG_COMPILER_APPICON_NAME = AppIcon;
				ASSETCATALOG_COMPILER_GLOBAL_ACCENT_COLOR_NAME = AccentColor;
				CODE_SIGN_STYLE = Automatic;
				CURRENT_PROJECT_VERSION = 1;
				DEVELOPMENT_ASSET_PATHS = "\"JEConfirmationDialogWithIcons/Preview Content\"";
				DEVELOPMENT_TEAM = P68VLQ6LPN;
				ENABLE_PREVIEWS = YES;
				GENERATE_INFOPLIST_FILE = YES;
				INFOPLIST_KEY_UIApplicationSceneManifest_Generation = YES;
				INFOPLIST_KEY_UIApplicationSupportsIndirectInputEvents = YES;
				INFOPLIST_KEY_UILaunchScreen_Generation = YES;
				INFOPLIST_KEY_UISupportedInterfaceOrientations_iPad = "UIInterfaceOrientationPortrait UIInterfaceOrientationPortraitUpsideDown UIInterfaceOrientationLandscapeLeft UIInterfaceOrientationLandscapeRight";
				INFOPLIST_KEY_UISupportedInterfaceOrientations_iPhone = "UIInterfaceOrientationPortrait UIInterfaceOrientationLandscapeLeft UIInterfaceOrientationLandscapeRight";
				LD_RUNPATH_SEARCH_PATHS = (
					"$(inherited)",
					"@executable_path/Frameworks",
				);
				MARKETING_VERSION = 1.0;
				PRODUCT_BUNDLE_IDENTIFIER = jeon.JEConfirmationDialogWithIcons;
				PRODUCT_NAME = "$(TARGET_NAME)";
				SWIFT_EMIT_LOC_STRINGS = YES;
				SWIFT_VERSION = 5.0;
				TARGETED_DEVICE_FAMILY = "1,2";
			};
			name = Debug;
		};
		1A12B7DE2A1B3C63003E40E4 /* Release */ = {
			isa = XCBuildConfiguration;
			buildSettings = {
				ASSETCATALOG_COMPILER_APPICON_NAME = AppIcon;
				ASSETCATALOG_COMPILER_GLOBAL_ACCENT_COLOR_NAME = AccentColor;
				CODE_SIGN_STYLE = Automatic;
				CURRENT_PROJECT_VERSION = 1;
				DEVELOPMENT_ASSET_PATHS = "\"JEConfirmationDialogWithIcons/Preview Content\"";
				DEVELOPMENT_TEAM = P68VLQ6LPN;
				ENABLE_PREVIEWS = YES;
				GENERATE_INFOPLIST_FILE = YES;
				INFOPLIST_KEY_UIApplicationSceneManifest_Generation = YES;
				INFOPLIST_KEY_UIApplicationSupportsIndirectInputEvents = YES;
				INFOPLIST_KEY_UILaunchScreen_Generation = YES;
				INFOPLIST_KEY_UISupportedInterfaceOrientations_iPad = "UIInterfaceOrientationPortrait UIInterfaceOrientationPortraitUpsideDown UIInterfaceOrientationLandscapeLeft UIInterfaceOrientationLandscapeRight";
				INFOPLIST_KEY_UISupportedInterfaceOrientations_iPhone = "UIInterfaceOrientationPortrait UIInterfaceOrientationLandscapeLeft UIInterfaceOrientationLandscapeRight";
				LD_RUNPATH_SEARCH_PATHS = (
					"$(inherited)",
					"@executable_path/Frameworks",
				);
				MARKETING_VERSION = 1.0;
				PRODUCT_BUNDLE_IDENTIFIER = jeon.JEConfirmationDialogWithIcons;
				PRODUCT_NAME = "$(TARGET_NAME)";
				SWIFT_EMIT_LOC_STRINGS = YES;
				SWIFT_VERSION = 5.0;
				TARGETED_DEVICE_FAMILY = "1,2";
			};
			name = Release;
		};
		1A12B7E02A1B3C63003E40E4 /* Debug */ = {
			isa = XCBuildConfiguration;
			buildSettings = {
				ALWAYS_EMBED_SWIFT_STANDARD_LIBRARIES = YES;
				BUNDLE_LOADER = "$(TEST_HOST)";
				CODE_SIGN_STYLE = Automatic;
				CURRENT_PROJECT_VERSION = 1;
				DEVELOPMENT_TEAM = P68VLQ6LPN;
				GENERATE_INFOPLIST_FILE = YES;
				IPHONEOS_DEPLOYMENT_TARGET = 16.4;
				MARKETING_VERSION = 1.0;
				PRODUCT_BUNDLE_IDENTIFIER = jeon.JEConfirmationDialogWithIconsTests;
				PRODUCT_NAME = "$(TARGET_NAME)";
				SWIFT_EMIT_LOC_STRINGS = NO;
				SWIFT_VERSION = 5.0;
				TARGETED_DEVICE_FAMILY = "1,2";
				TEST_HOST = "$(BUILT_PRODUCTS_DIR)/JEConfirmationDialogWithIcons.app/$(BUNDLE_EXECUTABLE_FOLDER_PATH)/JEConfirmationDialogWithIcons";
			};
			name = Debug;
		};
		1A12B7E12A1B3C63003E40E4 /* Release */ = {
			isa = XCBuildConfiguration;
			buildSettings = {
				ALWAYS_EMBED_SWIFT_STANDARD_LIBRARIES = YES;
				BUNDLE_LOADER = "$(TEST_HOST)";
				CODE_SIGN_STYLE = Automatic;
				CURRENT_PROJECT_VERSION = 1;
				DEVELOPMENT_TEAM = P68VLQ6LPN;
				GENERATE_INFOPLIST_FILE = YES;
				IPHONEOS_DEPLOYMENT_TARGET = 16.4;
				MARKETING_VERSION = 1.0;
				PRODUCT_BUNDLE_IDENTIFIER = jeon.JEConfirmationDialogWithIconsTests;
				PRODUCT_NAME = "$(TARGET_NAME)";
				SWIFT_EMIT_LOC_STRINGS = NO;
				SWIFT_VERSION = 5.0;
				TARGETED_DEVICE_FAMILY = "1,2";
				TEST_HOST = "$(BUILT_PRODUCTS_DIR)/JEConfirmationDialogWithIcons.app/$(BUNDLE_EXECUTABLE_FOLDER_PATH)/JEConfirmationDialogWithIcons";
			};
			name = Release;
		};
		1A12B7E32A1B3C63003E40E4 /* Debug */ = {
			isa = XCBuildConfiguration;
			buildSettings = {
				ALWAYS_EMBED_SWIFT_STANDARD_LIBRARIES = YES;
				CODE_SIGN_STYLE = Automatic;
				CURRENT_PROJECT_VERSION = 1;
				DEVELOPMENT_TEAM = P68VLQ6LPN;
				GENERATE_INFOPLIST_FILE = YES;
				MARKETING_VERSION = 1.0;
				PRODUCT_BUNDLE_IDENTIFIER = jeon.JEConfirmationDialogWithIconsUITests;
				PRODUCT_NAME = "$(TARGET_NAME)";
				SWIFT_EMIT_LOC_STRINGS = NO;
				SWIFT_VERSION = 5.0;
				TARGETED_DEVICE_FAMILY = "1,2";
				TEST_TARGET_NAME = JEConfirmationDialogWithIcons;
			};
			name = Debug;
		};
		1A12B7E42A1B3C63003E40E4 /* Release */ = {
			isa = XCBuildConfiguration;
			buildSettings = {
				ALWAYS_EMBED_SWIFT_STANDARD_LIBRARIES = YES;
				CODE_SIGN_STYLE = Automatic;
				CURRENT_PROJECT_VERSION = 1;
				DEVELOPMENT_TEAM = P68VLQ6LPN;
				GENERATE_INFOPLIST_FILE = YES;
				MARKETING_VERSION = 1.0;
				PRODUCT_BUNDLE_IDENTIFIER = jeon.JEConfirmationDialogWithIconsUITests;
				PRODUCT_NAME = "$(TARGET_NAME)";
				SWIFT_EMIT_LOC_STRINGS = NO;
				SWIFT_VERSION = 5.0;
				TARGETED_DEVICE_FAMILY = "1,2";
				TEST_TARGET_NAME = JEConfirmationDialogWithIcons;
			};
			name = Release;
		};
/* End XCBuildConfiguration section */

/* Begin XCConfigurationList section */
		1A12B7B32A1B3C62003E40E4 /* Build configuration list for PBXProject "JEConfirmationDialogWithIcons" */ = {
			isa = XCConfigurationList;
			buildConfigurations = (
				1A12B7DA2A1B3C63003E40E4 /* Debug */,
				1A12B7DB2A1B3C63003E40E4 /* Release */,
			);
			defaultConfigurationIsVisible = 0;
			defaultConfigurationName = Release;
		};
		1A12B7DC2A1B3C63003E40E4 /* Build configuration list for PBXNativeTarget "JEConfirmationDialogWithIcons" */ = {
			isa = XCConfigurationList;
			buildConfigurations = (
				1A12B7DD2A1B3C63003E40E4 /* Debug */,
				1A12B7DE2A1B3C63003E40E4 /* Release */,
			);
			defaultConfigurationIsVisible = 0;
			defaultConfigurationName = Release;
		};
		1A12B7DF2A1B3C63003E40E4 /* Build configuration list for PBXNativeTarget "JEConfirmationDialogWithIconsTests" */ = {
			isa = XCConfigurationList;
			buildConfigurations = (
				1A12B7E02A1B3C63003E40E4 /* Debug */,
				1A12B7E12A1B3C63003E40E4 /* Release */,
			);
			defaultConfigurationIsVisible = 0;
			defaultConfigurationName = Release;
		};
		1A12B7E22A1B3C63003E40E4 /* Build configuration list for PBXNativeTarget "JEConfirmationDialogWithIconsUITests" */ = {
			isa = XCConfigurationList;
			buildConfigurations = (
				1A12B7E32A1B3C63003E40E4 /* Debug */,
				1A12B7E42A1B3C63003E40E4 /* Release */,
			);
			defaultConfigurationIsVisible = 0;
			defaultConfigurationName = Release;
		};
/* End XCConfigurationList section */
	};
	rootObject = 1A12B7B02A1B3C62003E40E4 /* Project object */;
}
